// !$*UTF8*$!
{
	archiveVersion = 1;
	classes = {
	};
	objectVersion = 46;
	objects = {

/* Begin PBXBuildFile section */
		408BE0521BE6FB2D00A210A4 /* YNCollectionViewCell.swift in Sources */ = {isa = PBXBuildFile; fileRef = 408BE0511BE6FB2D00A210A4 /* YNCollectionViewCell.swift */; };
		409A169F1B86E1B300D951B1 /* AppDelegate.swift in Sources */ = {isa = PBXBuildFile; fileRef = 409A169E1B86E1B300D951B1 /* AppDelegate.swift */; };
		409A16A11B86E1B300D951B1 /* ViewController.swift in Sources */ = {isa = PBXBuildFile; fileRef = 409A16A01B86E1B300D951B1 /* ViewController.swift */; };
		409A16A41B86E1B300D951B1 /* Main.storyboard in Resources */ = {isa = PBXBuildFile; fileRef = 409A16A21B86E1B300D951B1 /* Main.storyboard */; };
		409A16A61B86E1B300D951B1 /* Images.xcassets in Resources */ = {isa = PBXBuildFile; fileRef = 409A16A51B86E1B300D951B1 /* Images.xcassets */; };
		409A16A91B86E1B300D951B1 /* LaunchScreen.xib in Resources */ = {isa = PBXBuildFile; fileRef = 409A16A71B86E1B300D951B1 /* LaunchScreen.xib */; };
		409A16B51B86E1B300D951B1 /* textIndicatorTests.swift in Sources */ = {isa = PBXBuildFile; fileRef = 409A16B41B86E1B300D951B1 /* textIndicatorTests.swift */; };
/* End PBXBuildFile section */

/* Begin PBXContainerItemProxy section */
		409A16AF1B86E1B300D951B1 /* PBXContainerItemProxy */ = {
			isa = PBXContainerItemProxy;
			containerPortal = 409A16911B86E1B300D951B1 /* Project object */;
			proxyType = 1;
			remoteGlobalIDString = 409A16981B86E1B300D951B1;
			remoteInfo = textIndicator;
		};
/* End PBXContainerItemProxy section */

/* Begin PBXFileReference section */
		408BE0511BE6FB2D00A210A4 /* YNCollectionViewCell.swift */ = {isa = PBXFileReference; fileEncoding = 4; lastKnownFileType = sourcecode.swift; path = YNCollectionViewCell.swift; sourceTree = "<group>"; };
		409A16991B86E1B300D951B1 /* textIndicator.app */ = {isa = PBXFileReference; explicitFileType = wrapper.application; includeInIndex = 0; path = textIndicator.app; sourceTree = BUILT_PRODUCTS_DIR; };
		409A169D1B86E1B300D951B1 /* Info.plist */ = {isa = PBXFileReference; lastKnownFileType = text.plist.xml; path = Info.plist; sourceTree = "<group>"; };
		409A169E1B86E1B300D951B1 /* AppDelegate.swift */ = {isa = PBXFileReference; lastKnownFileType = sourcecode.swift; path = AppDelegate.swift; sourceTree = "<group>"; };
		409A16A01B86E1B300D951B1 /* ViewController.swift */ = {isa = PBXFileReference; lastKnownFileType = sourcecode.swift; path = ViewController.swift; sourceTree = "<group>"; };
		409A16A31B86E1B300D951B1 /* Base */ = {isa = PBXFileReference; lastKnownFileType = file.storyboard; name = Base; path = Base.lproj/Main.storyboard; sourceTree = "<group>"; };
		409A16A51B86E1B300D951B1 /* Images.xcassets */ = {isa = PBXFileReference; lastKnownFileType = folder.assetcatalog; path = Images.xcassets; sourceTree = "<group>"; };
		409A16A81B86E1B300D951B1 /* Base */ = {isa = PBXFileReference; lastKnownFileType = file.xib; name = Base; path = Base.lproj/LaunchScreen.xib; sourceTree = "<group>"; };
		409A16AE1B86E1B300D951B1 /* textIndicatorTests.xctest */ = {isa = PBXFileReference; explicitFileType = wrapper.cfbundle; includeInIndex = 0; path = textIndicatorTests.xctest; sourceTree = BUILT_PRODUCTS_DIR; };
		409A16B31B86E1B300D951B1 /* Info.plist */ = {isa = PBXFileReference; lastKnownFileType = text.plist.xml; path = Info.plist; sourceTree = "<group>"; };
		409A16B41B86E1B300D951B1 /* textIndicatorTests.swift */ = {isa = PBXFileReference; lastKnownFileType = sourcecode.swift; path = textIndicatorTests.swift; sourceTree = "<group>"; };
		603810CE1BF0A85500F99459 /* en */ = {isa = PBXFileReference; lastKnownFileType = text.plist.strings; name = en; path = en.lproj/Main.strings; sourceTree = "<group>"; };
/* End PBXFileReference section */

/* Begin PBXFrameworksBuildPhase section */
		409A16961B86E1B300D951B1 /* Frameworks */ = {
			isa = PBXFrameworksBuildPhase;
			buildActionMask = 2147483647;
			files = (
			);
			runOnlyForDeploymentPostprocessing = 0;
		};
		409A16AB1B86E1B300D951B1 /* Frameworks */ = {
			isa = PBXFrameworksBuildPhase;
			buildActionMask = 2147483647;
			files = (
			);
			runOnlyForDeploymentPostprocessing = 0;
		};
/* End PBXFrameworksBuildPhase section */

/* Begin PBXGroup section */
		409A16901B86E1B300D951B1 = {
			isa = PBXGroup;
			children = (
				409A169B1B86E1B300D951B1 /* textIndicator */,
				409A16B11B86E1B300D951B1 /* textIndicatorTests */,
				409A169A1B86E1B300D951B1 /* Products */,
			);
			sourceTree = "<group>";
		};
		409A169A1B86E1B300D951B1 /* Products */ = {
			isa = PBXGroup;
			children = (
				409A16991B86E1B300D951B1 /* textIndicator.app */,
				409A16AE1B86E1B300D951B1 /* textIndicatorTests.xctest */,
			);
			name = Products;
			sourceTree = "<group>";
		};
		409A169B1B86E1B300D951B1 /* textIndicator */ = {
			isa = PBXGroup;
			children = (
				409A169E1B86E1B300D951B1 /* AppDelegate.swift */,
				409A16A01B86E1B300D951B1 /* ViewController.swift */,
				409A16A21B86E1B300D951B1 /* Main.storyboard */,
				409A16A51B86E1B300D951B1 /* Images.xcassets */,
				409A16A71B86E1B300D951B1 /* LaunchScreen.xib */,
				409A169C1B86E1B300D951B1 /* Supporting Files */,
				408BE0511BE6FB2D00A210A4 /* YNCollectionViewCell.swift */,
			);
			path = textIndicator;
			sourceTree = "<group>";
		};
		409A169C1B86E1B300D951B1 /* Supporting Files */ = {
			isa = PBXGroup;
			children = (
				409A169D1B86E1B300D951B1 /* Info.plist */,
			);
			name = "Supporting Files";
			sourceTree = "<group>";
		};
		409A16B11B86E1B300D951B1 /* textIndicatorTests */ = {
			isa = PBXGroup;
			children = (
				409A16B41B86E1B300D951B1 /* textIndicatorTests.swift */,
				409A16B21B86E1B300D951B1 /* Supporting Files */,
			);
			path = textIndicatorTests;
			sourceTree = "<group>";
		};
		409A16B21B86E1B300D951B1 /* Supporting Files */ = {
			isa = PBXGroup;
			children = (
				409A16B31B86E1B300D951B1 /* Info.plist */,
			);
			name = "Supporting Files";
			sourceTree = "<group>";
		};
/* End PBXGroup section */

/* Begin PBXNativeTarget section */
		409A16981B86E1B300D951B1 /* textIndicator */ = {
			isa = PBXNativeTarget;
			buildConfigurationList = 409A16B81B86E1B300D951B1 /* Build configuration list for PBXNativeTarget "textIndicator" */;
			buildPhases = (
				409A16951B86E1B300D951B1 /* Sources */,
				409A16961B86E1B300D951B1 /* Frameworks */,
				409A16971B86E1B300D951B1 /* Resources */,
			);
			buildRules = (
			);
			dependencies = (
			);
			name = textIndicator;
			productName = textIndicator;
			productReference = 409A16991B86E1B300D951B1 /* textIndicator.app */;
			productType = "com.apple.product-type.application";
		};
		409A16AD1B86E1B300D951B1 /* textIndicatorTests */ = {
			isa = PBXNativeTarget;
			buildConfigurationList = 409A16BB1B86E1B300D951B1 /* Build configuration list for PBXNativeTarget "textIndicatorTests" */;
			buildPhases = (
				409A16AA1B86E1B300D951B1 /* Sources */,
				409A16AB1B86E1B300D951B1 /* Frameworks */,
				409A16AC1B86E1B300D951B1 /* Resources */,
			);
			buildRules = (
			);
			dependencies = (
				409A16B01B86E1B300D951B1 /* PBXTargetDependency */,
			);
			name = textIndicatorTests;
			productName = textIndicatorTests;
			productReference = 409A16AE1B86E1B300D951B1 /* textIndicatorTests.xctest */;
			productType = "com.apple.product-type.bundle.unit-test";
		};
/* End PBXNativeTarget section */

/* Begin PBXProject section */
		409A16911B86E1B300D951B1 /* Project object */ = {
			isa = PBXProject;
			attributes = {
				LastSwiftMigration = 0700;
				LastSwiftUpdateCheck = 0700;
				LastUpgradeCheck = 0710;
				ORGANIZATIONNAME = "农盟";
				TargetAttributes = {
					409A16981B86E1B300D951B1 = {
						CreatedOnToolsVersion = 6.4;
					};
					409A16AD1B86E1B300D951B1 = {
						CreatedOnToolsVersion = 6.4;
						TestTargetID = 409A16981B86E1B300D951B1;
					};
				};
			};
			buildConfigurationList = 409A16941B86E1B300D951B1 /* Build configuration list for PBXProject "textIndicator" */;
			compatibilityVersion = "Xcode 3.2";
			developmentRegion = English;
			hasScannedForEncodings = 0;
			knownRegions = (
				en,
				Base,
			);
			mainGroup = 409A16901B86E1B300D951B1;
			productRefGroup = 409A169A1B86E1B300D951B1 /* Products */;
			projectDirPath = "";
			projectRoot = "";
			targets = (
				409A16981B86E1B300D951B1 /* textIndicator */,
				409A16AD1B86E1B300D951B1 /* textIndicatorTests */,
			);
		};
/* End PBXProject section */

/* Begin PBXResourcesBuildPhase section */
		409A16971B86E1B300D951B1 /* Resources */ = {
			isa = PBXResourcesBuildPhase;
			buildActionMask = 2147483647;
			files = (
				409A16A41B86E1B300D951B1 /* Main.storyboard in Resources */,
				409A16A91B86E1B300D951B1 /* LaunchScreen.xib in Resources */,
				409A16A61B86E1B300D951B1 /* Images.xcassets in Resources */,
			);
			runOnlyForDeploymentPostprocessing = 0;
		};
		409A16AC1B86E1B300D951B1 /* Resources */ = {
			isa = PBXResourcesBuildPhase;
			buildActionMask = 2147483647;
			files = (
			);
			runOnlyForDeploymentPostprocessing = 0;
		};
/* End PBXResourcesBuildPhase section */

/* Begin PBXSourcesBuildPhase section */
		409A16951B86E1B300D951B1 /* Sources */ = {
			isa = PBXSourcesBuildPhase;
			buildActionMask = 2147483647;
			files = (
				409A16A11B86E1B300D951B1 /* ViewController.swift in Sources */,
				409A169F1B86E1B300D951B1 /* AppDelegate.swift in Sources */,
				408BE0521BE6FB2D00A210A4 /* YNCollectionViewCell.swift in Sources */,
			);
			runOnlyForDeploymentPostprocessing = 0;
		};
		409A16AA1B86E1B300D951B1 /* Sources */ = {
			isa = PBXSourcesBuildPhase;
			buildActionMask = 2147483647;
			files = (
				409A16B51B86E1B300D951B1 /* textIndicatorTests.swift in Sources */,
			);
			runOnlyForDeploymentPostprocessing = 0;
		};
/* End PBXSourcesBuildPhase section */

/* Begin PBXTargetDependency section */
		409A16B01B86E1B300D951B1 /* PBXTargetDependency */ = {
			isa = PBXTargetDependency;
			target = 409A16981B86E1B300D951B1 /* textIndicator */;
			targetProxy = 409A16AF1B86E1B300D951B1 /* PBXContainerItemProxy */;
		};
/* End PBXTargetDependency section */

/* Begin PBXVariantGroup section */
		409A16A21B86E1B300D951B1 /* Main.storyboard */ = {
			isa = PBXVariantGroup;
			children = (
				409A16A31B86E1B300D951B1 /* Base */,
				603810CE1BF0A85500F99459 /* en */,
			);
			name = Main.storyboard;
			sourceTree = "<group>";
		};
		409A16A71B86E1B300D951B1 /* LaunchScreen.xib */ = {
			isa = PBXVariantGroup;
			children = (
				409A16A81B86E1B300D951B1 /* Base */,
			);
			name = LaunchScreen.xib;
			sourceTree = "<group>";
		};
/* End PBXVariantGroup section */

/* Begin XCBuildConfiguration section */
		409A16B61B86E1B300D951B1 /* Debug */ = {
			isa = XCBuildConfiguration;
			buildSettings = {
				ALWAYS_SEARCH_USER_PATHS = NO;
				CLANG_CXX_LANGUAGE_STANDARD = "gnu++0x";
				CLANG_CXX_LIBRARY = "libc++";
				CLANG_ENABLE_MODULES = YES;
				CLANG_ENABLE_OBJC_ARC = YES;
				CLANG_WARN_BOOL_CONVERSION = YES;
				CLANG_WARN_CONSTANT_CONVERSION = YES;
				CLANG_WARN_DIRECT_OBJC_ISA_USAGE = YES_ERROR;
				CLANG_WARN_EMPTY_BODY = YES;
				CLANG_WARN_ENUM_CONVERSION = YES;
				CLANG_WARN_INT_CONVERSION = YES;
				CLANG_WARN_OBJC_ROOT_CLASS = YES_ERROR;
				CLANG_WARN_UNREACHABLE_CODE = YES;
				CLANG_WARN__DUPLICATE_METHOD_MATCH = YES;
				"CODE_SIGN_IDENTITY[sdk=iphoneos*]" = "iPhone Developer";
				COPY_PHASE_STRIP = NO;
				DEBUG_INFORMATION_FORMAT = "dwarf-with-dsym";
				ENABLE_STRICT_OBJC_MSGSEND = YES;
				ENABLE_TESTABILITY = YES;
				GCC_C_LANGUAGE_STANDARD = gnu99;
				GCC_DYNAMIC_NO_PIC = NO;
				GCC_NO_COMMON_BLOCKS = YES;
				GCC_OPTIMIZATION_LEVEL = 0;
				GCC_PREPROCESSOR_DEFINITIONS = (
					"DEBUG=1",
					"$(inherited)",
				);
				GCC_SYMBOLS_PRIVATE_EXTERN = NO;
				GCC_WARN_64_TO_32_BIT_CONVERSION = YES;
				GCC_WARN_ABOUT_RETURN_TYPE = YES_ERROR;
				GCC_WARN_UNDECLARED_SELECTOR = YES;
				GCC_WARN_UNINITIALIZED_AUTOS = YES_AGGRESSIVE;
				GCC_WARN_UNUSED_FUNCTION = YES;
				GCC_WARN_UNUSED_VARIABLE = YES;
				IPHONEOS_DEPLOYMENT_TARGET = 8.4;
				MTL_ENABLE_DEBUG_INFO = YES;
				ONLY_ACTIVE_ARCH = YES;
				SDKROOT = iphoneos;
				SWIFT_OPTIMIZATION_LEVEL = "-Onone";
				TARGETED_DEVICE_FAMILY = "1,2";
			};
			name = Debug;
		};
		409A16B71B86E1B300D951B1 /* Release */ = {
			isa = XCBuildConfiguration;
			buildSettings = {
				ALWAYS_SEARCH_USER_PATHS = NO;
				CLANG_CXX_LANGUAGE_STANDARD = "gnu++0x";
				CLANG_CXX_LIBRARY = "libc++";
				CLANG_ENABLE_MODULES = YES;
				CLANG_ENABLE_OBJC_ARC = YES;
				CLANG_WARN_BOOL_CONVERSION = YES;
				CLANG_WARN_CONSTANT_CONVERSION = YES;
				CLANG_WARN_DIRECT_OBJC_ISA_USAGE = YES_ERROR;
				CLANG_WARN_EMPTY_BODY = YES;
				CLANG_WARN_ENUM_CONVERSION = YES;
				CLANG_WARN_INT_CONVERSION = YES;
				CLANG_WARN_OBJC_ROOT_CLASS = YES_ERROR;
				CLANG_WARN_UNREACHABLE_CODE = YES;
				CLANG_WARN__DUPLICATE_METHOD_MATCH = YES;
				"CODE_SIGN_IDENTITY[sdk=iphoneos*]" = "iPhone Developer";
				COPY_PHASE_STRIP = NO;
				DEBUG_INFORMATION_FORMAT = "dwarf-with-dsym";
				ENABLE_NS_ASSERTIONS = NO;
				ENABLE_STRICT_OBJC_MSGSEND = YES;
				GCC_C_LANGUAGE_STANDARD = gnu99;
				GCC_NO_COMMON_BLOCKS = YES;
				GCC_WARN_64_TO_32_BIT_CONVERSION = YES;
				GCC_WARN_ABOUT_RETURN_TYPE = YES_ERROR;
				GCC_WARN_UNDECLARED_SELECTOR = YES;
				GCC_WARN_UNINITIALIZED_AUTOS = YES_AGGRESSIVE;
				GCC_WARN_UNUSED_FUNCTION = YES;
				GCC_WARN_UNUSED_VARIABLE = YES;
				IPHONEOS_DEPLOYMENT_TARGET = 8.4;
				MTL_ENABLE_DEBUG_INFO = NO;
				SDKROOT = iphoneos;
				TARGETED_DEVICE_FAMILY = "1,2";
				VALIDATE_PRODUCT = YES;
			};
			name = Release;
		};
		409A16B91B86E1B300D951B1 /* Debug */ = {
			isa = XCBuildConfiguration;
			buildSettings = {
				ASSETCATALOG_COMPILER_APPICON_NAME = AppIcon;
				ASSETCATALOG_COMPILER_LAUNCHIMAGE_NAME = BrandAsset;
				INFOPLIST_FILE = textIndicator/Info.plist;
				LD_RUNPATH_SEARCH_PATHS = "$(inherited) @executable_path/Frameworks";
				PRODUCT_BUNDLE_IDENTIFIER = "sd.$(PRODUCT_NAME:rfc1034identifier)";
				PRODUCT_NAME = "$(TARGET_NAME)";
			};
			name = Debug;
		};
		409A16BA1B86E1B300D951B1 /* Release */ = {
			isa = XCBuildConfiguration;
			buildSettings = {
				ASSETCATALOG_COMPILER_APPICON_NAME = AppIcon;
				ASSETCATALOG_COMPILER_LAUNCHIMAGE_NAME = BrandAsset;
				INFOPLIST_FILE = textIndicator/Info.plist;
				LD_RUNPATH_SEARCH_PATHS = "$(inherited) @executable_path/Frameworks";
				PRODUCT_BUNDLE_IDENTIFIER = "sd.$(PRODUCT_NAME:rfc1034identifier)";
				PRODUCT_NAME = "$(TARGET_NAME)";
			};
			name = Release;
		};
		409A16BC1B86E1B300D951B1 /* Debug */ = {
			isa = XCBuildConfiguration;
			buildSettings = {
				BUNDLE_LOADER = "$(TEST_HOST)";
				FRAMEWORK_SEARCH_PATHS = (
					"$(SDKROOT)/Developer/Library/Frameworks",
					"$(inherited)",
				);
				GCC_PREPROCESSOR_DEFINITIONS = (
					"DEBUG=1",
					"$(inherited)",
				);
				INFOPLIST_FILE = textIndicatorTests/Info.plist;
				LD_RUNPATH_SEARCH_PATHS = "$(inherited) @executable_path/Frameworks @loader_path/Frameworks";
				PRODUCT_BUNDLE_IDENTIFIER = "sd.$(PRODUCT_NAME:rfc1034identifier)";
				PRODUCT_NAME = "$(TARGET_NAME)";
				TEST_HOST = "$(BUILT_PRODUCTS_DIR)/textIndicator.app/textIndicator";
			};
			name = Debug;
		};
		409A16BD1B86E1B300D951B1 /* Release */ = {
			isa = XCBuildConfiguration;
			buildSettings = {
				BUNDLE_LOADER = "$(TEST_HOST)";
				FRAMEWORK_SEARCH_PATHS = (
					"$(SDKROOT)/Developer/Library/Frameworks",
					"$(inherited)",
				);
				INFOPLIST_FILE = textIndicatorTests/Info.plist;
				LD_RUNPATH_SEARCH_PATHS = "$(inherited) @executable_path/Frameworks @loader_path/Frameworks";
				PRODUCT_BUNDLE_IDENTIFIER = "sd.$(PRODUCT_NAME:rfc1034identifier)";
				PRODUCT_NAME = "$(TARGET_NAME)";
				TEST_HOST = "$(BUILT_PRODUCTS_DIR)/textIndicator.app/textIndicator";
			};
			name = Release;
		};
/* End XCBuildConfiguration section */

/* Begin XCConfigurationList section */
		409A16941B86E1B300D951B1 /* Build configuration list for PBXProject "textIndicator" */ = {
			isa = XCConfigurationList;
			buildConfigurations = (
				409A16B61B86E1B300D951B1 /* Debug */,
				409A16B71B86E1B300D951B1 /* Release */,
			);
			defaultConfigurationIsVisible = 0;
			defaultConfigurationName = Release;
		};
		409A16B81B86E1B300D951B1 /* Build configuration list for PBXNativeTarget "textIndicator" */ = {
			isa = XCConfigurationList;
			buildConfigurations = (
				409A16B91B86E1B300D951B1 /* Debug */,
				409A16BA1B86E1B300D951B1 /* Release */,
			);
			defaultConfigurationIsVisible = 0;
			defaultConfigurationName = Release;
		};
		409A16BB1B86E1B300D951B1 /* Build configuration list for PBXNativeTarget "textIndicatorTests" */ = {
			isa = XCConfigurationList;
			buildConfigurations = (
				409A16BC1B86E1B300D951B1 /* Debug */,
				409A16BD1B86E1B300D951B1 /* Release */,
			);
			defaultConfigurationIsVisible = 0;
			defaultConfigurationName = Release;
		};
/* End XCConfigurationList section */
	};
	rootObject = 409A16911B86E1B300D951B1 /* Project object */;
}
